
Microsoft Visual Studio Solution File, Format Version 12.00
# Visual Studio 15
VisualStudioVersion = 15.0.26124.0
MinimumVisualStudioVersion = 15.0.26124.0
Project("{FAE04EC0-301F-11D3-BF4B-00C04F79EFBC}") = "MightyTests", "MightyTests\MightyTests.csproj", "{A3EE05AA-4336-4819-9794-8F3ED0DC69FF}"
EndProject
Project("{FAE04EC0-301F-11D3-BF4B-00C04F79EFBC}") = "types", "types\types.csproj", "{8E9BC04B-674F-4789-8478-63C50F3E92C7}"
EndProject
Project("{FAE04EC0-301F-11D3-BF4B-00C04F79EFBC}") = "EntityFramework", "EntityFramework\EntityFramework.csproj", "{43607162-F960-46E8-9CA3-6E560A816C6B}"
EndProject
Global
	GlobalSection(SolutionConfigurationPlatforms) = preSolution
		Debug|Any CPU = Debug|Any CPU
		Debug|x64 = Debug|x64
		Debug|x86 = Debug|x86
		Release|Any CPU = Release|Any CPU
		Release|x64 = Release|x64
		Release|x86 = Release|x86
	EndGlobalSection
	GlobalSection(SolutionProperties) = preSolution
		HideSolutionNode = FALSE
	EndGlobalSection
	GlobalSection(ProjectConfigurationPlatforms) = postSolution
		{A3EE05AA-4336-4819-9794-8F3ED0DC69FF}.Debug|Any CPU.ActiveCfg = Debug|Any CPU
		{A3EE05AA-4336-4819-9794-8F3ED0DC69FF}.Debug|Any CPU.Build.0 = Debug|Any CPU
		{A3EE05AA-4336-4819-9794-8F3ED0DC69FF}.Debug|x64.ActiveCfg = Debug|Any CPU
		{A3EE05AA-4336-4819-9794-8F3ED0DC69FF}.Debug|x64.Build.0 = Debug|Any CPU
		{A3EE05AA-4336-4819-9794-8F3ED0DC69FF}.Debug|x86.ActiveCfg = Debug|Any CPU
		{A3EE05AA-4336-4819-9794-8F3ED0DC69FF}.Debug|x86.Build.0 = Debug|Any CPU
		{A3EE05AA-4336-4819-9794-8F3ED0DC69FF}.Release|Any CPU.ActiveCfg = Release|Any CPU
		{A3EE05AA-4336-4819-9794-8F3ED0DC69FF}.Release|Any CPU.Build.0 = Release|Any CPU
		{A3EE05AA-4336-4819-9794-8F3ED0DC69FF}.Release|x64.ActiveCfg = Release|Any CPU
		{A3EE05AA-4336-4819-9794-8F3ED0DC69FF}.Release|x64.Build.0 = Release|Any CPU
		{A3EE05AA-4336-4819-9794-8F3ED0DC69FF}.Release|x86.ActiveCfg = Release|Any CPU
		{A3EE05AA-4336-4819-9794-8F3ED0DC69FF}.Release|x86.Build.0 = Release|Any CPU
		{8E9BC04B-674F-4789-8478-63C50F3E92C7}.Debug|Any CPU.ActiveCfg = Debug|Any CPU
		{8E9BC04B-674F-4789-8478-63C50F3E92C7}.Debug|Any CPU.Build.0 = Debug|Any CPU
		{8E9BC04B-674F-4789-8478-63C50F3E92C7}.Debug|x64.ActiveCfg = Debug|Any CPU
		{8E9BC04B-674F-4789-8478-63C50F3E92C7}.Debug|x64.Build.0 = Debug|Any CPU
		{8E9BC04B-674F-4789-8478-63C50F3E92C7}.Debug|x86.ActiveCfg = Debug|Any CPU
		{8E9BC04B-674F-4789-8478-63C50F3E92C7}.Debug|x86.Build.0 = Debug|Any CPU
		{8E9BC04B-674F-4789-8478-63C50F3E92C7}.Release|Any CPU.ActiveCfg = Release|Any CPU
		{8E9BC04B-674F-4789-8478-63C50F3E92C7}.Release|Any CPU.Build.0 = Release|Any CPU
		{8E9BC04B-674F-4789-8478-63C50F3E92C7}.Release|x64.ActiveCfg = Release|Any CPU
		{8E9BC04B-674F-4789-8478-63C50F3E92C7}.Release|x64.Build.0 = Release|Any CPU
		{8E9BC04B-674F-4789-8478-63C50F3E92C7}.Release|x86.ActiveCfg = Release|Any CPU
		{8E9BC04B-674F-4789-8478-63C50F3E92C7}.Release|x86.Build.0 = Release|Any CPU
		{43607162-F960-46E8-9CA3-6E560A816C6B}.Debug|Any CPU.ActiveCfg = Debug|Any CPU
		{43607162-F960-46E8-9CA3-6E560A816C6B}.Debug|Any CPU.Build.0 = Debug|Any CPU
		{43607162-F960-46E8-9CA3-6E560A816C6B}.Debug|x64.ActiveCfg = Debug|Any CPU
		{43607162-F960-46E8-9CA3-6E560A816C6B}.Debug|x64.Build.0 = Debug|Any CPU
		{43607162-F960-46E8-9CA3-6E560A816C6B}.Debug|x86.ActiveCfg = Debug|Any CPU
		{43607162-F960-46E8-9CA3-6E560A816C6B}.Debug|x86.Build.0 = Debug|Any CPU
		{43607162-F960-46E8-9CA3-6E560A816C6B}.Release|Any CPU.ActiveCfg = Release|Any CPU
		{43607162-F960-46E8-9CA3-6E560A816C6B}.Release|Any CPU.Build.0 = Release|Any CPU
		{43607162-F960-46E8-9CA3-6E560A816C6B}.Release|x64.ActiveCfg = Release|Any CPU
		{43607162-F960-46E8-9CA3-6E560A816C6B}.Release|x64.Build.0 = Release|Any CPU
		{43607162-F960-46E8-9CA3-6E560A816C6B}.Release|x86.ActiveCfg = Release|Any CPU
		{43607162-F960-46E8-9CA3-6E560A816C6B}.Release|x86.Build.0 = Release|Any CPU
	EndGlobalSection
EndGlobal
